{
  "version": 4,
  "terraform_version": "1.5.7",
  "serial": 8,
  "lineage": "fadf90d8-841e-2482-3f00-59d65c09b5fd",
  "outputs": {},
  "resources": [
    {
      "module": "module.dynamodb_table",
      "mode": "managed",
      "type": "aws_dynamodb_table",
      "name": "state_lock",
      "provider": "provider[\"registry.terraform.io/hashicorp/aws\"]",
      "instances": [
        {
          "schema_version": 1,
          "attributes": {
            "arn": "arn:aws:dynamodb:us-west-2:825765397094:table/terraform-statelock-table",
            "attribute": [
              {
                "name": "LockID",
                "type": "S"
              }
            ],
            "billing_mode": "PAY_PER_REQUEST",
            "deletion_protection_enabled": false,
            "global_secondary_index": [],
            "hash_key": "LockID",
            "id": "terraform-statelock-table",
            "import_table": [],
            "local_secondary_index": [],
            "name": "terraform-statelock-table",
            "point_in_time_recovery": [
              {
                "enabled": false
              }
            ],
            "range_key": null,
            "read_capacity": 0,
            "replica": [],
            "restore_date_time": null,
            "restore_source_name": null,
            "restore_source_table_arn": null,
            "restore_to_latest_time": null,
            "server_side_encryption": [],
            "stream_arn": "",
            "stream_enabled": false,
            "stream_label": "",
            "stream_view_type": "",
            "table_class": "STANDARD",
            "tags": null,
            "tags_all": {},
            "timeouts": null,
            "ttl": [
              {
                "attribute_name": "",
                "enabled": false
              }
            ],
            "write_capacity": 0
          },
          "sensitive_attributes": [],
          "private": "eyJlMmJmYjczMC1lY2FhLTExZTYtOGY4OC0zNDM2M2JjN2M0YzAiOnsiY3JlYXRlIjoxODAwMDAwMDAwMDAwLCJkZWxldGUiOjYwMDAwMDAwMDAwMCwidXBkYXRlIjozNjAwMDAwMDAwMDAwfSwic2NoZW1hX3ZlcnNpb24iOiIxIn0="
        }
      ]
    },
    {
      "module": "module.iam_role_module",
      "mode": "managed",
      "type": "aws_iam_policy",
      "name": "full_access_policy",
      "provider": "provider[\"registry.terraform.io/hashicorp/aws\"]",
      "instances": [
        {
          "schema_version": 0,
          "attributes": {
            "arn": "arn:aws:iam::825765397094:policy/full_access_policy",
            "attachment_count": 0,
            "description": "Policies granting full access to everything",
            "id": "arn:aws:iam::825765397094:policy/full_access_policy",
            "name": "full_access_policy",
            "name_prefix": "",
            "path": "/",
            "policy": "{\"Statement\":[{\"Action\":\"*\",\"Effect\":\"Allow\",\"Resource\":\"*\"}],\"Version\":\"2012-10-17\"}",
            "policy_id": "ANPA4AQ3UAJTOUOO7RRFN",
            "tags": null,
            "tags_all": {}
          },
          "sensitive_attributes": [],
          "private": "bnVsbA=="
        }
      ]
    },
    {
      "module": "module.iam_role_module",
      "mode": "managed",
      "type": "aws_iam_role",
      "name": "custom_trust_policy_role",
      "provider": "provider[\"registry.terraform.io/hashicorp/aws\"]",
      "instances": [
        {
          "schema_version": 0,
          "attributes": {
            "arn": "arn:aws:iam::825765397094:role/custom_trust_policy_role",
            "assume_role_policy": "{\"Statement\":[{\"Action\":\"sts:AssumeRoleWithWebIdentity\",\"Condition\":{\"StringEquals\":{\"token.actions.githubusercontent.com:aud\":\"sts.amazonaws.com\"},\"StringLike\":{\"token.actions.githubusercontent.com:sub\":\"repo:somyagitaccount/OIDC-final:*\"}},\"Effect\":\"Allow\",\"Principal\":{\"Federated\":\"arn:aws:iam::825765397094:oidc-provider/token.actions.githubusercontent.com\"}}],\"Version\":\"2012-10-17\"}",
            "create_date": "2024-09-23T16:49:52Z",
            "description": "",
            "force_detach_policies": false,
            "id": "custom_trust_policy_role",
            "inline_policy": [],
            "managed_policy_arns": [],
            "max_session_duration": 3600,
            "name": "custom_trust_policy_role",
            "name_prefix": "",
            "path": "/",
            "permissions_boundary": "",
            "tags": null,
            "tags_all": {},
            "unique_id": "AROA4AQ3UAJTOTKWEIPYI"
          },
          "sensitive_attributes": [],
          "private": "bnVsbA==",
          "dependencies": [
            "module.oidc_provider.aws_iam_openid_connect_provider.github_actions",
            "module.oidc_provider.data.tls_certificate.oidc_thumbprint"
          ]
        }
      ]
    },
    {
      "module": "module.iam_role_module",
      "mode": "managed",
      "type": "aws_iam_role_policy_attachment",
      "name": "attach_full_access_policy",
      "provider": "provider[\"registry.terraform.io/hashicorp/aws\"]",
      "instances": [
        {
          "schema_version": 0,
          "attributes": {
            "id": "custom_trust_policy_role-20240923164953800100000001",
            "policy_arn": "arn:aws:iam::825765397094:policy/full_access_policy",
            "role": "custom_trust_policy_role"
          },
          "sensitive_attributes": [],
          "private": "bnVsbA==",
          "dependencies": [
            "module.iam_role_module.aws_iam_policy.full_access_policy",
            "module.iam_role_module.aws_iam_role.custom_trust_policy_role",
            "module.oidc_provider.aws_iam_openid_connect_provider.github_actions",
            "module.oidc_provider.data.tls_certificate.oidc_thumbprint"
          ]
        }
      ]
    },
    {
      "module": "module.oidc_provider",
      "mode": "data",
      "type": "tls_certificate",
      "name": "oidc_thumbprint",
      "provider": "provider[\"registry.terraform.io/hashicorp/tls\"]",
      "instances": [
        {
          "schema_version": 0,
          "attributes": {
            "certificates": [
              {
                "cert_pem": "-----BEGIN CERTIFICATE-----\nMIIFgTCCBGmgAwIBAgIQOXJEOvkit1HX02wQ3TE1lTANBgkqhkiG9w0BAQwFADB7\nMQswCQYDVQQGEwJHQjEbMBkGA1UECAwSR3JlYXRlciBNYW5jaGVzdGVyMRAwDgYD\nVQQHDAdTYWxmb3JkMRowGAYDVQQKDBFDb21vZG8gQ0EgTGltaXRlZDEhMB8GA1UE\nAwwYQUFBIENlcnRpZmljYXRlIFNlcnZpY2VzMB4XDTE5MDMxMjAwMDAwMFoXDTI4\nMTIzMTIzNTk1OVowgYgxCzAJBgNVBAYTAlVTMRMwEQYDVQQIEwpOZXcgSmVyc2V5\nMRQwEgYDVQQHEwtKZXJzZXkgQ2l0eTEeMBwGA1UEChMVVGhlIFVTRVJUUlVTVCBO\nZXR3b3JrMS4wLAYDVQQDEyVVU0VSVHJ1c3QgUlNBIENlcnRpZmljYXRpb24gQXV0\naG9yaXR5MIICIjANBgkqhkiG9w0BAQEFAAOCAg8AMIICCgKCAgEAgBJlFzYOw9sI\ns9CsVw127c0n00ytUINh4qogTQktZAnczomfzD2p7PbPwdzx07HWezcoEStH2jnG\nvDoZtF+mvX2do2NCtnbyqTsrkfjib9DsFiCQCT7i6HTJGLSR1GJk23+jBvGIGGqQ\nIjy8/hPwhxR79uQfjtTkUcYRZ0YIUcuGFFQ/vDP+fmyc/xadGL1RjjWmp2bIcmfb\nIWax1Jt4A8BQOujM8Ny8nkz+rwWWNR9XWrf/zvk9tyy29lTdyOcSOk2uTIq3XJq0\ntyA9yn8iNK5+O2hmAUTnAU5GU5szYPeUvlM3kHND8zLDU+/bqv50TmnHa4xgk97E\nxwzf4TKuzJM7UXiVZ4vuPVb+DNBpDxsP8yUmazNt925H+nND5X4OpWaxKXwyhGNV\nicQNwZNUMBkTrNN9N6frXTpsNVzbQdcS2qlJC9/YgIoJk2KOtWbPJYjNhLixP6Q5\nD9kCnusSTJV882sFqV4Wg8y4Z+LoE53MW4LTTLPtW//e5XOsIzstAL81VXQJSdhJ\nWBp/kjbmUZIO8yZ9HE0XvMnsQybQv0FfQKlERPSZ51eHnlAfV1SoPv10Yy+xUGUJ\n5lhCLkMaTLTwJUdZ+gQek9QmRkpQgbLevni3/GcV4clXhB4PY9bpYrrWX1Uu6lzG\nKAgEJTm4Diup8kyXHAc/DVL17e8vgg8CAwEAAaOB8jCB7zAfBgNVHSMEGDAWgBSg\nEQojPpbxB+zirynvgqV/0DCktDAdBgNVHQ4EFgQUU3m/WqorSs9UgOHYm8Cd8rID\nZsswDgYDVR0PAQH/BAQDAgGGMA8GA1UdEwEB/wQFMAMBAf8wEQYDVR0gBAowCDAG\nBgRVHSAAMEMGA1UdHwQ8MDowOKA2oDSGMmh0dHA6Ly9jcmwuY29tb2RvY2EuY29t\nL0FBQUNlcnRpZmljYXRlU2VydmljZXMuY3JsMDQGCCsGAQUFBwEBBCgwJjAkBggr\nBgEFBQcwAYYYaHR0cDovL29jc3AuY29tb2RvY2EuY29tMA0GCSqGSIb3DQEBDAUA\nA4IBAQAYh1HcdCE9nIrgJ7cz0C7M7PDmy14R3iJvm3WOnnL+5Nb+qh+cli3vA0p+\nrvSNb3I8QzvAP+u431yqqcau8vzY7qN7Q/aGNnwU4M309z/+3ri0ivCRlv79Q2R+\n/czSAaF9ffgZGclCKxO/WIu6pKJmBHaIkU4MiRTOok3JMrO66BQavHHxW/BBC5gA\nCiIDEOUMsfnNkjcZ7Tvx5Dq2+UUTJnWvu6rvP3t3O9LEApE9GQDTF1w52z97GA1F\nzZOFli9d31kWTz9RvdVFGD/tSo7oBmF0Ixa1DVBzJ0RHfxBdiSprhTEUxOipakyA\nvGp4z7h/jnZymQyd/teRCBaho1+V\n-----END CERTIFICATE-----\n",
                "is_ca": true,
                "issuer": "CN=AAA Certificate Services,O=Comodo CA Limited,L=Salford,ST=Greater Manchester,C=GB",
                "not_after": "2028-12-31T23:59:59Z",
                "not_before": "2019-03-12T00:00:00Z",
                "public_key_algorithm": "RSA",
                "serial_number": "76359301477803385872276235234032301461",
                "sha1_fingerprint": "d89e3bd43d5d909b47a18977aa9d5ce36cee184c",
                "signature_algorithm": "SHA384-RSA",
                "subject": "CN=USERTrust RSA Certification Authority,O=The USERTRUST Network,L=Jersey City,ST=New Jersey,C=US",
                "version": 3
              },
              {
                "cert_pem": "-----BEGIN CERTIFICATE-----\nMIIGEzCCA/ugAwIBAgIQfVtRJrR2uhHbdBYLvFMNpzANBgkqhkiG9w0BAQwFADCB\niDELMAkGA1UEBhMCVVMxEzARBgNVBAgTCk5ldyBKZXJzZXkxFDASBgNVBAcTC0pl\ncnNleSBDaXR5MR4wHAYDVQQKExVUaGUgVVNFUlRSVVNUIE5ldHdvcmsxLjAsBgNV\nBAMTJVVTRVJUcnVzdCBSU0EgQ2VydGlmaWNhdGlvbiBBdXRob3JpdHkwHhcNMTgx\nMTAyMDAwMDAwWhcNMzAxMjMxMjM1OTU5WjCBjzELMAkGA1UEBhMCR0IxGzAZBgNV\nBAgTEkdyZWF0ZXIgTWFuY2hlc3RlcjEQMA4GA1UEBxMHU2FsZm9yZDEYMBYGA1UE\nChMPU2VjdGlnbyBMaW1pdGVkMTcwNQYDVQQDEy5TZWN0aWdvIFJTQSBEb21haW4g\nVmFsaWRhdGlvbiBTZWN1cmUgU2VydmVyIENBMIIBIjANBgkqhkiG9w0BAQEFAAOC\nAQ8AMIIBCgKCAQEA1nMz1tc8INAA0hdFuNY+B6I/x0HuMjDJsGz99J/LEpgPLT+N\nTQEMgg8Xf2Iu6bhIefsWg06t1zIlk7cHv7lQP6lMw0Aq6Tn/2YHKHxYyQdqAJrkj\neocgHuP/IJo8lURvh3UGkEC0MpMWCRAIIz7S3YcPb11RFGoKacVPAXJpz9OTTG0E\noKMbgn6xmrntxZ7FN3ifmgg0+1YuWMQJDgZkW7w33PGfKGioVrCSo1yfu4iYCBsk\nHaswha6vsC6eep3BwEIc4gLw6uBK0u+QDrTBQBbwb4VCSmT3pDCg/r8uoydajotY\nuK3DGReEY+1vVv2Dy2A0xHS+5p3b4eTlygxfFQIDAQABo4IBbjCCAWowHwYDVR0j\nBBgwFoAUU3m/WqorSs9UgOHYm8Cd8rIDZsswHQYDVR0OBBYEFI2MXsRUrYrhd+mb\n+ZsF4bgBjWHhMA4GA1UdDwEB/wQEAwIBhjASBgNVHRMBAf8ECDAGAQH/AgEAMB0G\nA1UdJQQWMBQGCCsGAQUFBwMBBggrBgEFBQcDAjAbBgNVHSAEFDASMAYGBFUdIAAw\nCAYGZ4EMAQIBMFAGA1UdHwRJMEcwRaBDoEGGP2h0dHA6Ly9jcmwudXNlcnRydXN0\nLmNvbS9VU0VSVHJ1c3RSU0FDZXJ0aWZpY2F0aW9uQXV0aG9yaXR5LmNybDB2Bggr\nBgEFBQcBAQRqMGgwPwYIKwYBBQUHMAKGM2h0dHA6Ly9jcnQudXNlcnRydXN0LmNv\nbS9VU0VSVHJ1c3RSU0FBZGRUcnVzdENBLmNydDAlBggrBgEFBQcwAYYZaHR0cDov\nL29jc3AudXNlcnRydXN0LmNvbTANBgkqhkiG9w0BAQwFAAOCAgEAMr9hvQ5Iw0/H\nukdN+Jx4GQHcEx2Ab/zDcLRSmjEzmldS+zGea6TvVKqJjUAXaPgREHzSyrHxVYbH\n7rM2kYb2OVG/Rr8PoLq0935JxCo2F57kaDl6r5ROVm+yezu/Coa9zcV3HAO4OLGi\nH19+24rcRki2aArPsrW04jTkZ6k4Zgle0rj8nSg6F0AnwnJOKf0hPHzPE/uWLMUx\nRP0T7dWbqWlod3zu4f+k+TY4CFM5ooQ0nBnzvg6s1SQ36yOoeNDT5++SR2RiOSLv\nxvcRviKFxmZEJCaOEDKNyJOuB56DPi/Z+fVGjmO+wea03KbNIaiGCpXZLoUmGv38\nsbZXQm2V0TP2ORQGgkE49Y9Y3IBbpNV9lXj9p5v//cWoaasm56ekBYdbqbe4oyAL\nl6lFhd2zi+WJN44pDfwGF/Y4QA5C5BIG+3vzxhFoYt/jmPQT2BVPi7Fp2RBgvGQq\n6jG35LWjOhSbJuMLe/0CjraZwTiXWTb2qHSihrZe68Zk6s+go/lunrotEbaGmAhY\nLcmsJWTyXnW0OMGuf1pGg+pRyrbxmRE1a6Vqe8YAsOf4vmSyrcjC8azjUeqkk+B5\nyOGBQMkKW+ESPMFgKuOXwIlCypTPRpgSabuY0MLTDXJLR27lk8QyKGOHQ+SwMj4K\n00u/I5sUKUErmgQfky3xxzlIPK1aEn8=\n-----END CERTIFICATE-----\n",
                "is_ca": true,
                "issuer": "CN=USERTrust RSA Certification Authority,O=The USERTRUST Network,L=Jersey City,ST=New Jersey,C=US",
                "not_after": "2030-12-31T23:59:59Z",
                "not_before": "2018-11-02T00:00:00Z",
                "public_key_algorithm": "RSA",
                "serial_number": "166627644428940058458651716034439089575",
                "sha1_fingerprint": "33e4e80807204c2b6182a3a14b591acd25b5f0db",
                "signature_algorithm": "SHA384-RSA",
                "subject": "CN=Sectigo RSA Domain Validation Secure Server CA,O=Sectigo Limited,L=Salford,ST=Greater Manchester,C=GB",
                "version": 3
              },
              {
                "cert_pem": "-----BEGIN CERTIFICATE-----\nMIIHaDCCBlCgAwIBAgIRAJPStHPK5CQSa0JN71PyO7UwDQYJKoZIhvcNAQELBQAw\ngY8xCzAJBgNVBAYTAkdCMRswGQYDVQQIExJHcmVhdGVyIE1hbmNoZXN0ZXIxEDAO\nBgNVBAcTB1NhbGZvcmQxGDAWBgNVBAoTD1NlY3RpZ28gTGltaXRlZDE3MDUGA1UE\nAxMuU2VjdGlnbyBSU0EgRG9tYWluIFZhbGlkYXRpb24gU2VjdXJlIFNlcnZlciBD\nQTAeFw0yNDA3MDgwMDAwMDBaFw0yNTA3MDgyMzU5NTlaMCoxKDAmBgNVBAMMHyou\nYWN0aW9ucy5naXRodWJ1c2VyY29udGVudC5jb20wggIiMA0GCSqGSIb3DQEBAQUA\nA4ICDwAwggIKAoICAQDo4bImOjN2CKPLUnYciOPgwTvPUMG34nROjJCpDRdP+8Wv\nfsTf8oyR7gtVKSmDdkFWYPt7wWk20xbECEZdiCYqhcXsoWqfqCKEfp/cruNzwtQK\ncsfmpziyhnuQuQ+n6TL6cewi8+mdSgTUt7UDKSPaM7X5dJiQ/Au54Tj7l2T8Wf+g\n8PZdsAWUfmu+Ku8YxoBo4QaeSPxiZcPpMLzdy2wMV6RoA8t0uJSFztJAQu6rsgOl\nG1KK0TqTjGsNQz2FTISR7JEaDH9NK7BXJIXRG9Jn64LKHnC0cnF/y/kZ/qO1E+Bn\nMpLZOz2O8LcOMQU2LwlLESEBWaOHaWXryoJDPC03HNI4ysDKfHwQJtUkNFLrpOm6\nIsB409EhgW5jgGaNJGMatW4LKeuatmpwGRmQNLUPu5inpE8ogu7MdAej/DPGWUm8\nanjWIdK/61Gj/XDnHbFhInCvupY7yBiSbgDgs6t+F67Dyu6EiSP8trp1ejKr9kOj\n/0nFNu5lKqqUVXO9ZdAMmARtaWN23gLMxbGOJyvZXfvSoWYli+hNaiiafewcoIRH\n2U9/+wTltsuIDWAAkZMQ5uAJZvZ0c280MI1ZxFjYhjUZtuzqoCP49tJ9e9/ku72/\nUW00KWbHrrUUDcJd2o2xP3hLmlbexqkWhGksv4hbP0x6d2MPO+/8uTbXY4ORfwID\nAQABo4IDITCCAx0wHwYDVR0jBBgwFoAUjYxexFStiuF36Zv5mwXhuAGNYeEwHQYD\nVR0OBBYEFBB+AKRKk8n6lBaK7fGe1WquRSwKMA4GA1UdDwEB/wQEAwIFoDAMBgNV\nHRMBAf8EAjAAMB0GA1UdJQQWMBQGCCsGAQUFBwMBBggrBgEFBQcDAjBJBgNVHSAE\nQjBAMDQGCysGAQQBsjEBAgIHMCUwIwYIKwYBBQUHAgEWF2h0dHBzOi8vc2VjdGln\nby5jb20vQ1BTMAgGBmeBDAECATCBhAYIKwYBBQUHAQEEeDB2ME8GCCsGAQUFBzAC\nhkNodHRwOi8vY3J0LnNlY3RpZ28uY29tL1NlY3RpZ29SU0FEb21haW5WYWxpZGF0\naW9uU2VjdXJlU2VydmVyQ0EuY3J0MCMGCCsGAQUFBzABhhdodHRwOi8vb2NzcC5z\nZWN0aWdvLmNvbTCCAX8GCisGAQQB1nkCBAIEggFvBIIBawFpAHUA3dzKNJXX4RYF\n55Uy+sef+D0cUN/bADoUEnYKLKy7yCoAAAGQj6U8BgAABAMARjBEAiAqLo8wDJRk\nWL+JMB3JmexKL4ugh5NP0dFIZMU2TY2bswIgQHtzAFZqQmJun/RUdngNRDmkA3HK\nGiXY0QmVwul/BpAAdwAN4fIwK9MNwUBiEgnqVS78R3R8sdfpMO8OQh60fk6qNAAA\nAZCPpTvcAAAEAwBIMEYCIQDizVlgOl4dSjw8rj64tNqly5EHdNOawh+JoPS8cwbl\ndgIhAJsW/Rxv4xVc/QLU6IajxC8CbEPTpOMRLXA7DhqzVn7EAHcAEvFONL1TckyE\nBhnDjz96E/jntWKHiJxtMAWE6+WGJjoAAAGQj6U7qwAABAMASDBGAiEAx7qSQTPH\nDFkvcOfgioODlWNRhZvOO3tnTO4kYt1ubPMCIQCQgl9KCM4j+C66C2/S87bTnQ6t\n9AXo9qI68HsRRqDSizBJBgNVHREEQjBAgh8qLmFjdGlvbnMuZ2l0aHVidXNlcmNv\nbnRlbnQuY29tgh1hY3Rpb25zLmdpdGh1YnVzZXJjb250ZW50LmNvbTANBgkqhkiG\n9w0BAQsFAAOCAQEAVb9+iUtlsPIfBDLYuOOD0Cn2T3Au0QDjbwRsY3TYIqSjwemk\n5CYuecJnFyOM6FVZ5IwZtr7gBbgLECiIGe7kN/zZ2gIXRKnH3Sk3WatYWKt4disK\nHMHjkaJzsVYE+oSnEuW+hOJiYDCPbRt2bKrdmVScoFJ5QKuEQczFefCEjaoQf1S4\n4YMniGkl+RfsLXCkdsq/ylAZMGqFGTpDtwxmt2NMQiH5vD8BaD+tbsKQ9O/9tSFI\nH56u+fcqnh55elQyE+HunPZGJ42KovjahZC6ubBCkZFmdybJth76EHqJRE595wwQ\nlUS6z5DuTN7D7iYE3dMool/bpxeLWJhj0lKzvw==\n-----END CERTIFICATE-----\n",
                "is_ca": false,
                "issuer": "CN=Sectigo RSA Domain Validation Secure Server CA,O=Sectigo Limited,L=Salford,ST=Greater Manchester,C=GB",
                "not_after": "2025-07-08T23:59:59Z",
                "not_before": "2024-07-08T00:00:00Z",
                "public_key_algorithm": "RSA",
                "serial_number": "196490557728434070975673617422193146805",
                "sha1_fingerprint": "74f3a68f16524f15424927704c9506f55a9316bd",
                "signature_algorithm": "SHA256-RSA",
                "subject": "CN=*.actions.githubusercontent.com",
                "version": 3
              }
            ],
            "content": null,
            "id": "8d232a145587e7e891fc7c3dc13630d472810d21",
            "url": "https://token.actions.githubusercontent.com",
            "verify_chain": true
          },
          "sensitive_attributes": []
        }
      ]
    },
    {
      "module": "module.oidc_provider",
      "mode": "managed",
      "type": "aws_iam_openid_connect_provider",
      "name": "github_actions",
      "provider": "provider[\"registry.terraform.io/hashicorp/aws\"]",
      "instances": [
        {
          "schema_version": 0,
          "attributes": {
            "arn": "arn:aws:iam::825765397094:oidc-provider/token.actions.githubusercontent.com",
            "client_id_list": [
              "sts.amazonaws.com"
            ],
            "id": "arn:aws:iam::825765397094:oidc-provider/token.actions.githubusercontent.com",
            "tags": null,
            "tags_all": {},
            "thumbprint_list": [
              "d89e3bd43d5d909b47a18977aa9d5ce36cee184c"
            ],
            "url": "token.actions.githubusercontent.com"
          },
          "sensitive_attributes": [],
          "private": "bnVsbA==",
          "dependencies": [
            "module.oidc_provider.data.tls_certificate.oidc_thumbprint"
          ]
        }
      ]
    },
    {
      "module": "module.s3_bucket",
      "mode": "managed",
      "type": "aws_s3_bucket",
      "name": "s3_bucket",
      "provider": "provider[\"registry.terraform.io/hashicorp/aws\"]",
      "instances": [
        {
          "schema_version": 0,
          "attributes": {
            "acceleration_status": "",
            "acl": null,
            "arn": "arn:aws:s3:::terraform-s3-statefile-bucket",
            "bucket": "terraform-s3-statefile-bucket",
            "bucket_domain_name": "terraform-s3-statefile-bucket.s3.amazonaws.com",
            "bucket_prefix": "",
            "bucket_regional_domain_name": "terraform-s3-statefile-bucket.s3.us-west-2.amazonaws.com",
            "cors_rule": [],
            "force_destroy": false,
            "grant": [
              {
                "id": "4b0349b219b505a515ed53b14cbf665954f2fa6b9ddbc82b7d0deb866ac9d686",
                "permissions": [
                  "FULL_CONTROL"
                ],
                "type": "CanonicalUser",
                "uri": ""
              }
            ],
            "hosted_zone_id": "Z3BJ6K6RIION7M",
            "id": "terraform-s3-statefile-bucket",
            "lifecycle_rule": [],
            "logging": [],
            "object_lock_configuration": [],
            "object_lock_enabled": false,
            "policy": "",
            "region": "us-west-2",
            "replication_configuration": [],
            "request_payer": "BucketOwner",
            "server_side_encryption_configuration": [
              {
                "rule": [
                  {
                    "apply_server_side_encryption_by_default": [
                      {
                        "kms_master_key_id": "",
                        "sse_algorithm": "AES256"
                      }
                    ],
                    "bucket_key_enabled": false
                  }
                ]
              }
            ],
            "tags": {
              "Environment": "Dev",
              "Name": "Terraform-State"
            },
            "tags_all": {
              "Environment": "Dev",
              "Name": "Terraform-State"
            },
            "timeouts": null,
            "versioning": [
              {
                "enabled": false,
                "mfa_delete": false
              }
            ],
            "website": [],
            "website_domain": null,
            "website_endpoint": null
          },
          "sensitive_attributes": [],
          "private": "eyJlMmJmYjczMC1lY2FhLTExZTYtOGY4OC0zNDM2M2JjN2M0YzAiOnsiY3JlYXRlIjoxMjAwMDAwMDAwMDAwLCJkZWxldGUiOjM2MDAwMDAwMDAwMDAsInJlYWQiOjEyMDAwMDAwMDAwMDAsInVwZGF0ZSI6MTIwMDAwMDAwMDAwMH19"
        }
      ]
    }
  ],
  "check_results": null
}
